// !$*UTF8*$!
{
	archiveVersion = 1;
	classes = {
	};
	objectVersion = 56;
	objects = {

/* Begin PBXBuildFile section */
		36110C2329E3BBA2000ED129 /* UIView+.swift in Sources */ = {isa = PBXBuildFile; fileRef = 36110C2229E3BBA2000ED129 /* UIView+.swift */; };
		36110C6429E58170000ED129 /* Alamofire in Frameworks */ = {isa = PBXBuildFile; productRef = 36110C6329E58170000ED129 /* Alamofire */; };
		36110C6629E592A4000ED129 /* UIColor+.swift in Sources */ = {isa = PBXBuildFile; fileRef = 36110C6529E592A4000ED129 /* UIColor+.swift */; };
		36110C6829E71235000ED129 /* StampImageCell.swift in Sources */ = {isa = PBXBuildFile; fileRef = 36110C6729E71235000ED129 /* StampImageCell.swift */; };
		36110C6B29E729AB000ED129 /* Then in Frameworks */ = {isa = PBXBuildFile; productRef = 36110C6A29E729AB000ED129 /* Then */; };
		3637A49C29DAF3D900289A15 /* PlaceListViewController.swift in Sources */ = {isa = PBXBuildFile; fileRef = 3637A49B29DAF3D900289A15 /* PlaceListViewController.swift */; };
		3637A4A829DB43D300289A15 /* MapView.swift in Sources */ = {isa = PBXBuildFile; fileRef = 3637A4A729DB43D300289A15 /* MapView.swift */; };
		3637A4D229DDA4B200289A15 /* PlaceListTableViewCell.swift in Sources */ = {isa = PBXBuildFile; fileRef = 3637A4D129DDA4B200289A15 /* PlaceListTableViewCell.swift */; };
		363D368D29C9D81A00B37A21 /* SignInViewController.swift in Sources */ = {isa = PBXBuildFile; fileRef = 363D368C29C9D81A00B37A21 /* SignInViewController.swift */; };
		363D369729CA104400B37A21 /* SignInView.swift in Sources */ = {isa = PBXBuildFile; fileRef = 363D369629CA104400B37A21 /* SignInView.swift */; };
		363D369929CA292900B37A21 /* UserInfoModel.swift in Sources */ = {isa = PBXBuildFile; fileRef = 363D369829CA292900B37A21 /* UserInfoModel.swift */; };
		3663C98529EAA63C00E64A0A /* CameraViewController.swift in Sources */ = {isa = PBXBuildFile; fileRef = 3663C98429EAA63C00E64A0A /* CameraViewController.swift */; };
		3663C99229EC7F2E00E64A0A /* UIViewController+.swift in Sources */ = {isa = PBXBuildFile; fileRef = 3663C99129EC7F2E00E64A0A /* UIViewController+.swift */; };
		3663C99629EC835300E64A0A /* BaseView.swift in Sources */ = {isa = PBXBuildFile; fileRef = 3663C99529EC835300E64A0A /* BaseView.swift */; };
		367899B029C053D200155269 /* HorizontalScrollView.swift in Sources */ = {isa = PBXBuildFile; fileRef = 367899AF29C053D200155269 /* HorizontalScrollView.swift */; };
		36878AC829CB05BE007F6DE5 /* SignUpViewController.swift in Sources */ = {isa = PBXBuildFile; fileRef = 36878AC729CB05BE007F6DE5 /* SignUpViewController.swift */; };
		36878AE129CC2C34007F6DE5 /* NotificationTableViewController.swift in Sources */ = {isa = PBXBuildFile; fileRef = 36878AE029CC2C34007F6DE5 /* NotificationTableViewController.swift */; };
		369A6F1029BF030D00414D23 /* AppDelegate.swift in Sources */ = {isa = PBXBuildFile; fileRef = 369A6F0F29BF030D00414D23 /* AppDelegate.swift */; };
		369A6F1229BF030D00414D23 /* SceneDelegate.swift in Sources */ = {isa = PBXBuildFile; fileRef = 369A6F1129BF030D00414D23 /* SceneDelegate.swift */; };
		369A6F1929BF030E00414D23 /* Assets.xcassets in Resources */ = {isa = PBXBuildFile; fileRef = 369A6F1829BF030E00414D23 /* Assets.xcassets */; };
		369A6F1C29BF030E00414D23 /* LaunchScreen.storyboard in Resources */ = {isa = PBXBuildFile; fileRef = 369A6F1A29BF030E00414D23 /* LaunchScreen.storyboard */; };
		369A6F2429BF04E000414D23 /* MainTabBarController.swift in Sources */ = {isa = PBXBuildFile; fileRef = 369A6F2329BF04E000414D23 /* MainTabBarController.swift */; };
		369A6F2B29BF0C4500414D23 /* MypageViewController.swift in Sources */ = {isa = PBXBuildFile; fileRef = 369A6F2A29BF0C4500414D23 /* MypageViewController.swift */; };
		369A6F2D29BF0C5B00414D23 /* MapViewController.swift in Sources */ = {isa = PBXBuildFile; fileRef = 369A6F2C29BF0C5B00414D23 /* MapViewController.swift */; };
		369B6E3B29E044E900391F13 /* SnapKit in Frameworks */ = {isa = PBXBuildFile; productRef = 369B6E3A29E044E900391F13 /* SnapKit */; };
		369B6E3E29E044F600391F13 /* FSCalendar in Frameworks */ = {isa = PBXBuildFile; productRef = 369B6E3D29E044F600391F13 /* FSCalendar */; };
		369B6E4029E04B8900391F13 /* PlaceListView.swift in Sources */ = {isa = PBXBuildFile; fileRef = 369B6E3F29E04B8900391F13 /* PlaceListView.swift */; };
		36A76D1F2A1366DD00342AC3 /* DetailViewController.swift in Sources */ = {isa = PBXBuildFile; fileRef = 36A76D1E2A1366DD00342AC3 /* DetailViewController.swift */; };
		36A76D212A13672200342AC3 /* DetailView.swift in Sources */ = {isa = PBXBuildFile; fileRef = 36A76D202A13672200342AC3 /* DetailView.swift */; };
		36A76D232A14C84200342AC3 /* ProfileHeaderView.swift in Sources */ = {isa = PBXBuildFile; fileRef = 36A76D222A14C84200342AC3 /* ProfileHeaderView.swift */; };
		36A76D262A14DB1E00342AC3 /* InfoUnitCollectionViewCell.swift in Sources */ = {isa = PBXBuildFile; fileRef = 36A76D252A14DB1E00342AC3 /* InfoUnitCollectionViewCell.swift */; };
		36A76D2A2A14DBC000342AC3 /* MapUnitCollectionViewCell.swift in Sources */ = {isa = PBXBuildFile; fileRef = 36A76D292A14DBC000342AC3 /* MapUnitCollectionViewCell.swift */; };
		36A76D522A14FA1A00342AC3 /* DetailUnitCollectionViewCell.swift in Sources */ = {isa = PBXBuildFile; fileRef = 36A76D512A14FA1A00342AC3 /* DetailUnitCollectionViewCell.swift */; };
		36A76D542A1500E200342AC3 /* CollectionViewCellReuseProtocols.swift in Sources */ = {isa = PBXBuildFile; fileRef = 36A76D532A1500E200342AC3 /* CollectionViewCellReuseProtocols.swift */; };
		36E8595729D1AF2D00D3CA7D /* Model.swift in Sources */ = {isa = PBXBuildFile; fileRef = 36E8595629D1AF2D00D3CA7D /* Model.swift */; };
		36E8595929D1BA1000D3CA7D /* NotificationTableViewCell.swift in Sources */ = {isa = PBXBuildFile; fileRef = 36E8595829D1BA1000D3CA7D /* NotificationTableViewCell.swift */; };
		36F51E562A0AA13400381402 /* StampImages.swift in Sources */ = {isa = PBXBuildFile; fileRef = 36F51E552A0AA13400381402 /* StampImages.swift */; };
		36F51E5A2A0B756D00381402 /* DaliyUseView.swift in Sources */ = {isa = PBXBuildFile; fileRef = 36F51E592A0B756D00381402 /* DaliyUseView.swift */; };
		36F51E5C2A0B757800381402 /* HeartView.swift in Sources */ = {isa = PBXBuildFile; fileRef = 36F51E5B2A0B757800381402 /* HeartView.swift */; };
		36F51E5E2A0B758D00381402 /* LoadingView.swift in Sources */ = {isa = PBXBuildFile; fileRef = 36F51E5D2A0B758D00381402 /* LoadingView.swift */; };
		36F51E602A0B75A200381402 /* OCRImportView.swift in Sources */ = {isa = PBXBuildFile; fileRef = 36F51E5F2A0B75A200381402 /* OCRImportView.swift */; };
		36F51E622A0B75CB00381402 /* WritingPageView.swift in Sources */ = {isa = PBXBuildFile; fileRef = 36F51E612A0B75CB00381402 /* WritingPageView.swift */; };
		36F51E6D2A0B768D00381402 /* Pretendard-Regular.otf in Resources */ = {isa = PBXBuildFile; fileRef = 36F51E642A0B768D00381402 /* Pretendard-Regular.otf */; };
		36F51E6E2A0B768D00381402 /* Pretendard-Black.otf in Resources */ = {isa = PBXBuildFile; fileRef = 36F51E652A0B768D00381402 /* Pretendard-Black.otf */; };
		36F51E6F2A0B768D00381402 /* Pretendard-Medium.otf in Resources */ = {isa = PBXBuildFile; fileRef = 36F51E662A0B768D00381402 /* Pretendard-Medium.otf */; };
		36F51E702A0B768D00381402 /* Pretendard-Light.otf in Resources */ = {isa = PBXBuildFile; fileRef = 36F51E672A0B768D00381402 /* Pretendard-Light.otf */; };
		36F51E712A0B768D00381402 /* Pretendard-ExtraBold.otf in Resources */ = {isa = PBXBuildFile; fileRef = 36F51E682A0B768D00381402 /* Pretendard-ExtraBold.otf */; };
		36F51E722A0B768D00381402 /* Pretendard-Bold.otf in Resources */ = {isa = PBXBuildFile; fileRef = 36F51E692A0B768D00381402 /* Pretendard-Bold.otf */; };
		36F51E732A0B768D00381402 /* Pretendard-Thin.otf in Resources */ = {isa = PBXBuildFile; fileRef = 36F51E6A2A0B768D00381402 /* Pretendard-Thin.otf */; };
		36F51E742A0B768D00381402 /* Pretendard-ExtraLight.otf in Resources */ = {isa = PBXBuildFile; fileRef = 36F51E6B2A0B768D00381402 /* Pretendard-ExtraLight.otf */; };
		36F51E752A0B768D00381402 /* Pretendard-SemiBold.otf in Resources */ = {isa = PBXBuildFile; fileRef = 36F51E6C2A0B768D00381402 /* Pretendard-SemiBold.otf */; };
		36F51E772A0B773000381402 /* UIFont+.swift in Sources */ = {isa = PBXBuildFile; fileRef = 36F51E762A0B773000381402 /* UIFont+.swift */; };
		36F51E792A0B774F00381402 /* Image.swift in Sources */ = {isa = PBXBuildFile; fileRef = 36F51E782A0B774F00381402 /* Image.swift */; };
		36F51E7B2A0B77A200381402 /* Consum.swift in Sources */ = {isa = PBXBuildFile; fileRef = 36F51E7A2A0B77A200381402 /* Consum.swift */; };
		36F51E7D2A0B77F700381402 /* MainViewController.swift in Sources */ = {isa = PBXBuildFile; fileRef = 36F51E7C2A0B77F700381402 /* MainViewController.swift */; };
		36F51E812A0B783900381402 /* UIStackView+.swift in Sources */ = {isa = PBXBuildFile; fileRef = 36F51E7E2A0B783900381402 /* UIStackView+.swift */; };
		36F51E822A0B783900381402 /* Date+.swift in Sources */ = {isa = PBXBuildFile; fileRef = 36F51E7F2A0B783900381402 /* Date+.swift */; };
		36F51E832A0B783900381402 /* String+.swift in Sources */ = {isa = PBXBuildFile; fileRef = 36F51E802A0B783900381402 /* String+.swift */; };
		36F51E852A0B787400381402 /* OCRViewController.swift in Sources */ = {isa = PBXBuildFile; fileRef = 36F51E842A0B787400381402 /* OCRViewController.swift */; };
		36F51E882A0B78C000381402 /* Notification.swift in Sources */ = {isa = PBXBuildFile; fileRef = 36F51E862A0B78C000381402 /* Notification.swift */; };
		36F51E892A0B78C000381402 /* UploadRes.swift in Sources */ = {isa = PBXBuildFile; fileRef = 36F51E872A0B78C000381402 /* UploadRes.swift */; };
		36F51E8B2A0B78DE00381402 /* WritingPageViewController.swift in Sources */ = {isa = PBXBuildFile; fileRef = 36F51E8A2A0B78DE00381402 /* WritingPageViewController.swift */; };
		36F51E8D2A0B7A2100381402 /* BaseScrollView.swift in Sources */ = {isa = PBXBuildFile; fileRef = 36F51E8C2A0B7A2100381402 /* BaseScrollView.swift */; };
		36FB763729D60FD10070ED30 /* AddButton.swift in Sources */ = {isa = PBXBuildFile; fileRef = 36FB763629D60FD10070ED30 /* AddButton.swift */; };
		36FB763929D6145B0070ED30 /* MyProfileView.swift in Sources */ = {isa = PBXBuildFile; fileRef = 36FB763829D6145B0070ED30 /* MyProfileView.swift */; };
		36FB763B29D614730070ED30 /* WishListView.swift in Sources */ = {isa = PBXBuildFile; fileRef = 36FB763A29D614730070ED30 /* WishListView.swift */; };
/* End PBXBuildFile section */

/* Begin PBXFileReference section */
		36110C2229E3BBA2000ED129 /* UIView+.swift */ = {isa = PBXFileReference; lastKnownFileType = sourcecode.swift; path = "UIView+.swift"; sourceTree = "<group>"; };
		36110C6529E592A4000ED129 /* UIColor+.swift */ = {isa = PBXFileReference; lastKnownFileType = sourcecode.swift; path = "UIColor+.swift"; sourceTree = "<group>"; };
		36110C6729E71235000ED129 /* StampImageCell.swift */ = {isa = PBXFileReference; lastKnownFileType = sourcecode.swift; path = StampImageCell.swift; sourceTree = "<group>"; };
		3637A49B29DAF3D900289A15 /* PlaceListViewController.swift */ = {isa = PBXFileReference; lastKnownFileType = sourcecode.swift; path = PlaceListViewController.swift; sourceTree = "<group>"; };
		3637A4A229DAF8D700289A15 /* UIKit.framework */ = {isa = PBXFileReference; lastKnownFileType = wrapper.framework; name = UIKit.framework; path = System/Library/Frameworks/UIKit.framework; sourceTree = SDKROOT; };
		3637A4A729DB43D300289A15 /* MapView.swift */ = {isa = PBXFileReference; lastKnownFileType = sourcecode.swift; path = MapView.swift; sourceTree = "<group>"; };
		3637A4D129DDA4B200289A15 /* PlaceListTableViewCell.swift */ = {isa = PBXFileReference; lastKnownFileType = sourcecode.swift; path = PlaceListTableViewCell.swift; sourceTree = "<group>"; };
		363D368C29C9D81A00B37A21 /* SignInViewController.swift */ = {isa = PBXFileReference; lastKnownFileType = sourcecode.swift; path = SignInViewController.swift; sourceTree = "<group>"; };
		363D369629CA104400B37A21 /* SignInView.swift */ = {isa = PBXFileReference; lastKnownFileType = sourcecode.swift; path = SignInView.swift; sourceTree = "<group>"; };
		363D369829CA292900B37A21 /* UserInfoModel.swift */ = {isa = PBXFileReference; lastKnownFileType = sourcecode.swift; path = UserInfoModel.swift; sourceTree = "<group>"; };
		3663C98429EAA63C00E64A0A /* CameraViewController.swift */ = {isa = PBXFileReference; lastKnownFileType = sourcecode.swift; path = CameraViewController.swift; sourceTree = "<group>"; };
		3663C99129EC7F2E00E64A0A /* UIViewController+.swift */ = {isa = PBXFileReference; lastKnownFileType = sourcecode.swift; path = "UIViewController+.swift"; sourceTree = "<group>"; };
		3663C99529EC835300E64A0A /* BaseView.swift */ = {isa = PBXFileReference; lastKnownFileType = sourcecode.swift; path = BaseView.swift; sourceTree = "<group>"; };
		367899AF29C053D200155269 /* HorizontalScrollView.swift */ = {isa = PBXFileReference; lastKnownFileType = sourcecode.swift; path = HorizontalScrollView.swift; sourceTree = "<group>"; };
		36878AC729CB05BE007F6DE5 /* SignUpViewController.swift */ = {isa = PBXFileReference; lastKnownFileType = sourcecode.swift; path = SignUpViewController.swift; sourceTree = "<group>"; };
		36878AE029CC2C34007F6DE5 /* NotificationTableViewController.swift */ = {isa = PBXFileReference; lastKnownFileType = sourcecode.swift; path = NotificationTableViewController.swift; sourceTree = "<group>"; };
		369A6F0C29BF030D00414D23 /* Mozzi_dev.app */ = {isa = PBXFileReference; explicitFileType = wrapper.application; includeInIndex = 0; path = Mozzi_dev.app; sourceTree = BUILT_PRODUCTS_DIR; };
		369A6F0F29BF030D00414D23 /* AppDelegate.swift */ = {isa = PBXFileReference; lastKnownFileType = sourcecode.swift; path = AppDelegate.swift; sourceTree = "<group>"; };
		369A6F1129BF030D00414D23 /* SceneDelegate.swift */ = {isa = PBXFileReference; lastKnownFileType = sourcecode.swift; path = SceneDelegate.swift; sourceTree = "<group>"; };
		369A6F1829BF030E00414D23 /* Assets.xcassets */ = {isa = PBXFileReference; lastKnownFileType = folder.assetcatalog; path = Assets.xcassets; sourceTree = "<group>"; };
		369A6F1B29BF030E00414D23 /* Base */ = {isa = PBXFileReference; lastKnownFileType = file.storyboard; name = Base; path = Base.lproj/LaunchScreen.storyboard; sourceTree = "<group>"; };
		369A6F1D29BF030E00414D23 /* Info.plist */ = {isa = PBXFileReference; lastKnownFileType = text.plist.xml; path = Info.plist; sourceTree = "<group>"; };
		369A6F2329BF04E000414D23 /* MainTabBarController.swift */ = {isa = PBXFileReference; lastKnownFileType = sourcecode.swift; path = MainTabBarController.swift; sourceTree = "<group>"; };
		369A6F2A29BF0C4500414D23 /* MypageViewController.swift */ = {isa = PBXFileReference; lastKnownFileType = sourcecode.swift; path = MypageViewController.swift; sourceTree = "<group>"; };
		369A6F2C29BF0C5B00414D23 /* MapViewController.swift */ = {isa = PBXFileReference; lastKnownFileType = sourcecode.swift; path = MapViewController.swift; sourceTree = "<group>"; };
		369B6E3F29E04B8900391F13 /* PlaceListView.swift */ = {isa = PBXFileReference; lastKnownFileType = sourcecode.swift; path = PlaceListView.swift; sourceTree = "<group>"; };
		36A76D1E2A1366DD00342AC3 /* DetailViewController.swift */ = {isa = PBXFileReference; lastKnownFileType = sourcecode.swift; path = DetailViewController.swift; sourceTree = "<group>"; };
		36A76D202A13672200342AC3 /* DetailView.swift */ = {isa = PBXFileReference; lastKnownFileType = sourcecode.swift; path = DetailView.swift; sourceTree = "<group>"; };
		36A76D222A14C84200342AC3 /* ProfileHeaderView.swift */ = {isa = PBXFileReference; lastKnownFileType = sourcecode.swift; path = ProfileHeaderView.swift; sourceTree = "<group>"; };
		36A76D252A14DB1E00342AC3 /* InfoUnitCollectionViewCell.swift */ = {isa = PBXFileReference; lastKnownFileType = sourcecode.swift; path = InfoUnitCollectionViewCell.swift; sourceTree = "<group>"; };
		36A76D292A14DBC000342AC3 /* MapUnitCollectionViewCell.swift */ = {isa = PBXFileReference; lastKnownFileType = sourcecode.swift; path = MapUnitCollectionViewCell.swift; sourceTree = "<group>"; };
		36A76D512A14FA1A00342AC3 /* DetailUnitCollectionViewCell.swift */ = {isa = PBXFileReference; lastKnownFileType = sourcecode.swift; path = DetailUnitCollectionViewCell.swift; sourceTree = "<group>"; };
		36A76D532A1500E200342AC3 /* CollectionViewCellReuseProtocols.swift */ = {isa = PBXFileReference; lastKnownFileType = sourcecode.swift; path = CollectionViewCellReuseProtocols.swift; sourceTree = "<group>"; };
		36E8595629D1AF2D00D3CA7D /* Model.swift */ = {isa = PBXFileReference; lastKnownFileType = sourcecode.swift; path = Model.swift; sourceTree = "<group>"; };
		36E8595829D1BA1000D3CA7D /* NotificationTableViewCell.swift */ = {isa = PBXFileReference; lastKnownFileType = sourcecode.swift; path = NotificationTableViewCell.swift; sourceTree = "<group>"; };
		36F51E552A0AA13400381402 /* StampImages.swift */ = {isa = PBXFileReference; lastKnownFileType = sourcecode.swift; path = StampImages.swift; sourceTree = "<group>"; };
		36F51E592A0B756D00381402 /* DaliyUseView.swift */ = {isa = PBXFileReference; fileEncoding = 4; lastKnownFileType = sourcecode.swift; path = DaliyUseView.swift; sourceTree = "<group>"; };
		36F51E5B2A0B757800381402 /* HeartView.swift */ = {isa = PBXFileReference; fileEncoding = 4; lastKnownFileType = sourcecode.swift; name = HeartView.swift; path = ../../../../../../Mozzi_iOS/Mozzi/Mozzi/Main/View/HeartView.swift; sourceTree = "<group>"; };
		36F51E5D2A0B758D00381402 /* LoadingView.swift */ = {isa = PBXFileReference; fileEncoding = 4; lastKnownFileType = sourcecode.swift; path = LoadingView.swift; sourceTree = "<group>"; };
		36F51E5F2A0B75A200381402 /* OCRImportView.swift */ = {isa = PBXFileReference; fileEncoding = 4; lastKnownFileType = sourcecode.swift; path = OCRImportView.swift; sourceTree = "<group>"; };
		36F51E612A0B75CB00381402 /* WritingPageView.swift */ = {isa = PBXFileReference; fileEncoding = 4; lastKnownFileType = sourcecode.swift; name = WritingPageView.swift; path = ../../../../../../Mozzi_iOS/Mozzi/Mozzi/Main/View/WritingPageView.swift; sourceTree = "<group>"; };
		36F51E642A0B768D00381402 /* Pretendard-Regular.otf */ = {isa = PBXFileReference; lastKnownFileType = file; path = "Pretendard-Regular.otf"; sourceTree = "<group>"; };
		36F51E652A0B768D00381402 /* Pretendard-Black.otf */ = {isa = PBXFileReference; lastKnownFileType = file; path = "Pretendard-Black.otf"; sourceTree = "<group>"; };
		36F51E662A0B768D00381402 /* Pretendard-Medium.otf */ = {isa = PBXFileReference; lastKnownFileType = file; path = "Pretendard-Medium.otf"; sourceTree = "<group>"; };
		36F51E672A0B768D00381402 /* Pretendard-Light.otf */ = {isa = PBXFileReference; lastKnownFileType = file; path = "Pretendard-Light.otf"; sourceTree = "<group>"; };
		36F51E682A0B768D00381402 /* Pretendard-ExtraBold.otf */ = {isa = PBXFileReference; lastKnownFileType = file; path = "Pretendard-ExtraBold.otf"; sourceTree = "<group>"; };
		36F51E692A0B768D00381402 /* Pretendard-Bold.otf */ = {isa = PBXFileReference; lastKnownFileType = file; path = "Pretendard-Bold.otf"; sourceTree = "<group>"; };
		36F51E6A2A0B768D00381402 /* Pretendard-Thin.otf */ = {isa = PBXFileReference; lastKnownFileType = file; path = "Pretendard-Thin.otf"; sourceTree = "<group>"; };
		36F51E6B2A0B768D00381402 /* Pretendard-ExtraLight.otf */ = {isa = PBXFileReference; lastKnownFileType = file; path = "Pretendard-ExtraLight.otf"; sourceTree = "<group>"; };
		36F51E6C2A0B768D00381402 /* Pretendard-SemiBold.otf */ = {isa = PBXFileReference; lastKnownFileType = file; path = "Pretendard-SemiBold.otf"; sourceTree = "<group>"; };
		36F51E762A0B773000381402 /* UIFont+.swift */ = {isa = PBXFileReference; fileEncoding = 4; lastKnownFileType = sourcecode.swift; path = "UIFont+.swift"; sourceTree = "<group>"; };
		36F51E782A0B774F00381402 /* Image.swift */ = {isa = PBXFileReference; fileEncoding = 4; lastKnownFileType = sourcecode.swift; name = Image.swift; path = ../../../../../Mozzi_iOS/Mozzi/Mozzi/Structs/Image.swift; sourceTree = "<group>"; };
		36F51E7A2A0B77A200381402 /* Consum.swift */ = {isa = PBXFileReference; fileEncoding = 4; lastKnownFileType = sourcecode.swift; path = Consum.swift; sourceTree = "<group>"; };
		36F51E7C2A0B77F700381402 /* MainViewController.swift */ = {isa = PBXFileReference; fileEncoding = 4; lastKnownFileType = sourcecode.swift; name = MainViewController.swift; path = ../../../../../../Mozzi_iOS/Mozzi/Mozzi/Main/ViewController/MainViewController.swift; sourceTree = "<group>"; };
		36F51E7E2A0B783900381402 /* UIStackView+.swift */ = {isa = PBXFileReference; fileEncoding = 4; lastKnownFileType = sourcecode.swift; name = "UIStackView+.swift"; path = "../../../../../Mozzi_iOS/Mozzi/Mozzi/Extension/UIStackView+.swift"; sourceTree = "<group>"; };
		36F51E7F2A0B783900381402 /* Date+.swift */ = {isa = PBXFileReference; fileEncoding = 4; lastKnownFileType = sourcecode.swift; path = "Date+.swift"; sourceTree = "<group>"; };
		36F51E802A0B783900381402 /* String+.swift */ = {isa = PBXFileReference; fileEncoding = 4; lastKnownFileType = sourcecode.swift; path = "String+.swift"; sourceTree = "<group>"; };
		36F51E842A0B787400381402 /* OCRViewController.swift */ = {isa = PBXFileReference; fileEncoding = 4; lastKnownFileType = sourcecode.swift; path = OCRViewController.swift; sourceTree = "<group>"; };
		36F51E862A0B78C000381402 /* Notification.swift */ = {isa = PBXFileReference; fileEncoding = 4; lastKnownFileType = sourcecode.swift; path = Notification.swift; sourceTree = "<group>"; };
		36F51E872A0B78C000381402 /* UploadRes.swift */ = {isa = PBXFileReference; fileEncoding = 4; lastKnownFileType = sourcecode.swift; path = UploadRes.swift; sourceTree = "<group>"; };
		36F51E8A2A0B78DE00381402 /* WritingPageViewController.swift */ = {isa = PBXFileReference; fileEncoding = 4; lastKnownFileType = sourcecode.swift; name = WritingPageViewController.swift; path = ../../../../../../Mozzi_iOS/Mozzi/Mozzi/Main/ViewController/WritingPageViewController.swift; sourceTree = "<group>"; };
		36F51E8C2A0B7A2100381402 /* BaseScrollView.swift */ = {isa = PBXFileReference; lastKnownFileType = sourcecode.swift; path = BaseScrollView.swift; sourceTree = "<group>"; };
		36FB763629D60FD10070ED30 /* AddButton.swift */ = {isa = PBXFileReference; lastKnownFileType = sourcecode.swift; path = AddButton.swift; sourceTree = "<group>"; };
		36FB763829D6145B0070ED30 /* MyProfileView.swift */ = {isa = PBXFileReference; lastKnownFileType = sourcecode.swift; path = MyProfileView.swift; sourceTree = "<group>"; };
		36FB763A29D614730070ED30 /* WishListView.swift */ = {isa = PBXFileReference; lastKnownFileType = sourcecode.swift; path = WishListView.swift; sourceTree = "<group>"; };
/* End PBXFileReference section */

/* Begin PBXFrameworksBuildPhase section */
		369A6F0929BF030D00414D23 /* Frameworks */ = {
			isa = PBXFrameworksBuildPhase;
			buildActionMask = 2147483647;
			files = (
				36110C6429E58170000ED129 /* Alamofire in Frameworks */,
				369B6E3B29E044E900391F13 /* SnapKit in Frameworks */,
				369B6E3E29E044F600391F13 /* FSCalendar in Frameworks */,
				36110C6B29E729AB000ED129 /* Then in Frameworks */,
			);
			runOnlyForDeploymentPostprocessing = 0;
		};
/* End PBXFrameworksBuildPhase section */

/* Begin PBXGroup section */
		36110C2129E3BB8F000ED129 /* Extension&Protocols */ = {
			isa = PBXGroup;
			children = (
				36F51E762A0B773000381402 /* UIFont+.swift */,
				36F51E7F2A0B783900381402 /* Date+.swift */,
				36F51E802A0B783900381402 /* String+.swift */,
				36F51E7E2A0B783900381402 /* UIStackView+.swift */,
				36110C2229E3BBA2000ED129 /* UIView+.swift */,
				36110C6529E592A4000ED129 /* UIColor+.swift */,
				3663C99129EC7F2E00E64A0A /* UIViewController+.swift */,
				3663C99529EC835300E64A0A /* BaseView.swift */,
				36F51E8C2A0B7A2100381402 /* BaseScrollView.swift */,
				36A76D532A1500E200342AC3 /* CollectionViewCellReuseProtocols.swift */,
			);
			path = "Extension&Protocols";
			sourceTree = "<group>";
		};
		36110C6C29E72D65000ED129 /* Structs */ = {
			isa = PBXGroup;
			children = (
				36F51E782A0B774F00381402 /* Image.swift */,
				36F51E552A0AA13400381402 /* StampImages.swift */,
				36F51E862A0B78C000381402 /* Notification.swift */,
				36F51E872A0B78C000381402 /* UploadRes.swift */,
			);
			path = Structs;
			sourceTree = "<group>";
		};
		3637A49D29DAF45400289A15 /* View */ = {
			isa = PBXGroup;
			children = (
				36A76D242A14DAA800342AC3 /* DetailView */,
				36FB763629D60FD10070ED30 /* AddButton.swift */,
				36F51E592A0B756D00381402 /* DaliyUseView.swift */,
				36F51E5B2A0B757800381402 /* HeartView.swift */,
				367899AF29C053D200155269 /* HorizontalScrollView.swift */,
				3637A4A729DB43D300289A15 /* MapView.swift */,
				36F51E5D2A0B758D00381402 /* LoadingView.swift */,
				36F51E5F2A0B75A200381402 /* OCRImportView.swift */,
				36E8595829D1BA1000D3CA7D /* NotificationTableViewCell.swift */,
				3637A4D129DDA4B200289A15 /* PlaceListTableViewCell.swift */,
				369B6E3F29E04B8900391F13 /* PlaceListView.swift */,
				36FB763829D6145B0070ED30 /* MyProfileView.swift */,
				36110C6729E71235000ED129 /* StampImageCell.swift */,
				36FB763A29D614730070ED30 /* WishListView.swift */,
				36F51E612A0B75CB00381402 /* WritingPageView.swift */,
			);
			path = View;
			sourceTree = "<group>";
		};
		3637A49E29DAF46700289A15 /* ViewController */ = {
			isa = PBXGroup;
			children = (
				369A6F2329BF04E000414D23 /* MainTabBarController.swift */,
				369A6F2C29BF0C5B00414D23 /* MapViewController.swift */,
				3637A49B29DAF3D900289A15 /* PlaceListViewController.swift */,
				36F51E7C2A0B77F700381402 /* MainViewController.swift */,
				369A6F2A29BF0C4500414D23 /* MypageViewController.swift */,
				36878AE029CC2C34007F6DE5 /* NotificationTableViewController.swift */,
				3663C98429EAA63C00E64A0A /* CameraViewController.swift */,
				36F51E8A2A0B78DE00381402 /* WritingPageViewController.swift */,
				36F51E842A0B787400381402 /* OCRViewController.swift */,
				36A76D1E2A1366DD00342AC3 /* DetailViewController.swift */,
			);
			path = ViewController;
			sourceTree = "<group>";
		};
		3637A4A129DAF8CB00289A15 /* Frameworks */ = {
			isa = PBXGroup;
			children = (
				3637A4A229DAF8D700289A15 /* UIKit.framework */,
			);
			name = Frameworks;
			sourceTree = "<group>";
		};
		369A6F0329BF030D00414D23 = {
			isa = PBXGroup;
			children = (
				369A6F0E29BF030D00414D23 /* Mozzi_dev */,
				369A6F0D29BF030D00414D23 /* Products */,
				3637A4A129DAF8CB00289A15 /* Frameworks */,
			);
			sourceTree = "<group>";
		};
		369A6F0D29BF030D00414D23 /* Products */ = {
			isa = PBXGroup;
			children = (
				369A6F0C29BF030D00414D23 /* Mozzi_dev.app */,
			);
			name = Products;
			sourceTree = "<group>";
		};
		369A6F0E29BF030D00414D23 /* Mozzi_dev */ = {
			isa = PBXGroup;
			children = (
				36F51E632A0B768D00381402 /* Font */,
				36110C6C29E72D65000ED129 /* Structs */,
				36110C2129E3BB8F000ED129 /* Extension&Protocols */,
				36E8595529D1AF1A00D3CA7D /* Model */,
				36E8595229CDF40A00D3CA7D /* Main */,
				36E8595129CDF3F600D3CA7D /* Auth */,
				369A6F0F29BF030D00414D23 /* AppDelegate.swift */,
				369A6F1129BF030D00414D23 /* SceneDelegate.swift */,
				369A6F1829BF030E00414D23 /* Assets.xcassets */,
				369A6F1A29BF030E00414D23 /* LaunchScreen.storyboard */,
				369A6F1D29BF030E00414D23 /* Info.plist */,
			);
			path = Mozzi_dev;
			sourceTree = "<group>";
		};
		36A76D242A14DAA800342AC3 /* DetailView */ = {
			isa = PBXGroup;
			children = (
				36A76D202A13672200342AC3 /* DetailView.swift */,
				36A76D222A14C84200342AC3 /* ProfileHeaderView.swift */,
				36A76D252A14DB1E00342AC3 /* InfoUnitCollectionViewCell.swift */,
				36A76D292A14DBC000342AC3 /* MapUnitCollectionViewCell.swift */,
				36A76D512A14FA1A00342AC3 /* DetailUnitCollectionViewCell.swift */,
			);
			path = DetailView;
			sourceTree = "<group>";
		};
		36E8595129CDF3F600D3CA7D /* Auth */ = {
			isa = PBXGroup;
			children = (
				363D368C29C9D81A00B37A21 /* SignInViewController.swift */,
				363D369629CA104400B37A21 /* SignInView.swift */,
				363D369829CA292900B37A21 /* UserInfoModel.swift */,
				36878AC729CB05BE007F6DE5 /* SignUpViewController.swift */,
			);
			path = Auth;
			sourceTree = "<group>";
		};
		36E8595229CDF40A00D3CA7D /* Main */ = {
			isa = PBXGroup;
			children = (
				3637A49E29DAF46700289A15 /* ViewController */,
				3637A49D29DAF45400289A15 /* View */,
			);
			path = Main;
			sourceTree = "<group>";
		};
		36E8595529D1AF1A00D3CA7D /* Model */ = {
			isa = PBXGroup;
			children = (
				36F51E7A2A0B77A200381402 /* Consum.swift */,
				36E8595629D1AF2D00D3CA7D /* Model.swift */,
			);
			path = Model;
			sourceTree = "<group>";
		};
		36F51E632A0B768D00381402 /* Font */ = {
			isa = PBXGroup;
			children = (
				36F51E642A0B768D00381402 /* Pretendard-Regular.otf */,
				36F51E652A0B768D00381402 /* Pretendard-Black.otf */,
				36F51E662A0B768D00381402 /* Pretendard-Medium.otf */,
				36F51E672A0B768D00381402 /* Pretendard-Light.otf */,
				36F51E682A0B768D00381402 /* Pretendard-ExtraBold.otf */,
				36F51E692A0B768D00381402 /* Pretendard-Bold.otf */,
				36F51E6A2A0B768D00381402 /* Pretendard-Thin.otf */,
				36F51E6B2A0B768D00381402 /* Pretendard-ExtraLight.otf */,
				36F51E6C2A0B768D00381402 /* Pretendard-SemiBold.otf */,
			);
			path = Font;
			sourceTree = "<group>";
		};
/* End PBXGroup section */

/* Begin PBXNativeTarget section */
		369A6F0B29BF030D00414D23 /* Mozzi_dev */ = {
			isa = PBXNativeTarget;
			buildConfigurationList = 369A6F2029BF030E00414D23 /* Build configuration list for PBXNativeTarget "Mozzi_dev" */;
			buildPhases = (
				369A6F0829BF030D00414D23 /* Sources */,
				369A6F0929BF030D00414D23 /* Frameworks */,
				369A6F0A29BF030D00414D23 /* Resources */,
			);
			buildRules = (
			);
			dependencies = (
			);
			name = Mozzi_dev;
			packageProductDependencies = (
				369B6E3A29E044E900391F13 /* SnapKit */,
				369B6E3D29E044F600391F13 /* FSCalendar */,
				36110C6329E58170000ED129 /* Alamofire */,
				36110C6A29E729AB000ED129 /* Then */,
			);
			productName = Mozzi_dev;
			productReference = 369A6F0C29BF030D00414D23 /* Mozzi_dev.app */;
			productType = "com.apple.product-type.application";
		};
/* End PBXNativeTarget section */

/* Begin PBXProject section */
		369A6F0429BF030D00414D23 /* Project object */ = {
			isa = PBXProject;
			attributes = {
				BuildIndependentTargetsInParallel = 1;
				LastSwiftUpdateCheck = 1420;
				LastUpgradeCheck = 1420;
				TargetAttributes = {
					369A6F0B29BF030D00414D23 = {
						CreatedOnToolsVersion = 14.2;
					};
				};
			};
			buildConfigurationList = 369A6F0729BF030D00414D23 /* Build configuration list for PBXProject "Mozzi_dev" */;
			compatibilityVersion = "Xcode 14.0";
			developmentRegion = en;
			hasScannedForEncodings = 0;
			knownRegions = (
				en,
				Base,
			);
			mainGroup = 369A6F0329BF030D00414D23;
			packageReferences = (
				369B6E3929E044E900391F13 /* XCRemoteSwiftPackageReference "SnapKit" */,
				369B6E3C29E044F600391F13 /* XCRemoteSwiftPackageReference "FSCalendar" */,
				36110C6229E58170000ED129 /* XCRemoteSwiftPackageReference "Alamofire" */,
				36110C6929E729AB000ED129 /* XCRemoteSwiftPackageReference "Then" */,
			);
			productRefGroup = 369A6F0D29BF030D00414D23 /* Products */;
			projectDirPath = "";
			projectRoot = "";
			targets = (
				369A6F0B29BF030D00414D23 /* Mozzi_dev */,
			);
		};
/* End PBXProject section */

/* Begin PBXResourcesBuildPhase section */
		369A6F0A29BF030D00414D23 /* Resources */ = {
			isa = PBXResourcesBuildPhase;
			buildActionMask = 2147483647;
			files = (
				36F51E752A0B768D00381402 /* Pretendard-SemiBold.otf in Resources */,
				369A6F1C29BF030E00414D23 /* LaunchScreen.storyboard in Resources */,
				36F51E722A0B768D00381402 /* Pretendard-Bold.otf in Resources */,
				36F51E742A0B768D00381402 /* Pretendard-ExtraLight.otf in Resources */,
				36F51E6F2A0B768D00381402 /* Pretendard-Medium.otf in Resources */,
				36F51E732A0B768D00381402 /* Pretendard-Thin.otf in Resources */,
				36F51E712A0B768D00381402 /* Pretendard-ExtraBold.otf in Resources */,
				36F51E6D2A0B768D00381402 /* Pretendard-Regular.otf in Resources */,
				36F51E6E2A0B768D00381402 /* Pretendard-Black.otf in Resources */,
				369A6F1929BF030E00414D23 /* Assets.xcassets in Resources */,
				36F51E702A0B768D00381402 /* Pretendard-Light.otf in Resources */,
			);
			runOnlyForDeploymentPostprocessing = 0;
		};
/* End PBXResourcesBuildPhase section */

/* Begin PBXSourcesBuildPhase section */
		369A6F0829BF030D00414D23 /* Sources */ = {
			isa = PBXSourcesBuildPhase;
			buildActionMask = 2147483647;
			files = (
				36E8595929D1BA1000D3CA7D /* NotificationTableViewCell.swift in Sources */,
				36878AC829CB05BE007F6DE5 /* SignUpViewController.swift in Sources */,
				363D369729CA104400B37A21 /* SignInView.swift in Sources */,
				36F51E892A0B78C000381402 /* UploadRes.swift in Sources */,
				36A76D232A14C84200342AC3 /* ProfileHeaderView.swift in Sources */,
				36F51E8D2A0B7A2100381402 /* BaseScrollView.swift in Sources */,
				36F51E562A0AA13400381402 /* StampImages.swift in Sources */,
				36F51E852A0B787400381402 /* OCRViewController.swift in Sources */,
				36F51E832A0B783900381402 /* String+.swift in Sources */,
				36FB763729D60FD10070ED30 /* AddButton.swift in Sources */,
				369A6F1029BF030D00414D23 /* AppDelegate.swift in Sources */,
				367899B029C053D200155269 /* HorizontalScrollView.swift in Sources */,
				36F51E822A0B783900381402 /* Date+.swift in Sources */,
				369A6F2D29BF0C5B00414D23 /* MapViewController.swift in Sources */,
				3637A4D229DDA4B200289A15 /* PlaceListTableViewCell.swift in Sources */,
				36A76D542A1500E200342AC3 /* CollectionViewCellReuseProtocols.swift in Sources */,
				36F51E812A0B783900381402 /* UIStackView+.swift in Sources */,
				36110C6829E71235000ED129 /* StampImageCell.swift in Sources */,
				36F51E602A0B75A200381402 /* OCRImportView.swift in Sources */,
				36A76D212A13672200342AC3 /* DetailView.swift in Sources */,
				36110C2329E3BBA2000ED129 /* UIView+.swift in Sources */,
				36F51E792A0B774F00381402 /* Image.swift in Sources */,
				363D369929CA292900B37A21 /* UserInfoModel.swift in Sources */,
				36FB763929D6145B0070ED30 /* MyProfileView.swift in Sources */,
				36E8595729D1AF2D00D3CA7D /* Model.swift in Sources */,
				369A6F1229BF030D00414D23 /* SceneDelegate.swift in Sources */,
				3663C99229EC7F2E00E64A0A /* UIViewController+.swift in Sources */,
				363D368D29C9D81A00B37A21 /* SignInViewController.swift in Sources */,
				3637A49C29DAF3D900289A15 /* PlaceListViewController.swift in Sources */,
				369A6F2429BF04E000414D23 /* MainTabBarController.swift in Sources */,
				36A76D522A14FA1A00342AC3 /* DetailUnitCollectionViewCell.swift in Sources */,
				36A76D1F2A1366DD00342AC3 /* DetailViewController.swift in Sources */,
				3663C98529EAA63C00E64A0A /* CameraViewController.swift in Sources */,
				36F51E772A0B773000381402 /* UIFont+.swift in Sources */,
				36FB763B29D614730070ED30 /* WishListView.swift in Sources */,
				36F51E5C2A0B757800381402 /* HeartView.swift in Sources */,
				36110C6629E592A4000ED129 /* UIColor+.swift in Sources */,
				36A76D2A2A14DBC000342AC3 /* MapUnitCollectionViewCell.swift in Sources */,
				36F51E7D2A0B77F700381402 /* MainViewController.swift in Sources */,
				36F51E5A2A0B756D00381402 /* DaliyUseView.swift in Sources */,
				36878AE129CC2C34007F6DE5 /* NotificationTableViewController.swift in Sources */,
				3637A4A829DB43D300289A15 /* MapView.swift in Sources */,
				369B6E4029E04B8900391F13 /* PlaceListView.swift in Sources */,
				369A6F2B29BF0C4500414D23 /* MypageViewController.swift in Sources */,
				36F51E622A0B75CB00381402 /* WritingPageView.swift in Sources */,
				36F51E882A0B78C000381402 /* Notification.swift in Sources */,
				3663C99629EC835300E64A0A /* BaseView.swift in Sources */,
				36A76D262A14DB1E00342AC3 /* InfoUnitCollectionViewCell.swift in Sources */,
				36F51E5E2A0B758D00381402 /* LoadingView.swift in Sources */,
				36F51E8B2A0B78DE00381402 /* WritingPageViewController.swift in Sources */,
				36F51E7B2A0B77A200381402 /* Consum.swift in Sources */,
			);
			runOnlyForDeploymentPostprocessing = 0;
		};
/* End PBXSourcesBuildPhase section */

/* Begin PBXVariantGroup section */
		369A6F1A29BF030E00414D23 /* LaunchScreen.storyboard */ = {
			isa = PBXVariantGroup;
			children = (
				369A6F1B29BF030E00414D23 /* Base */,
			);
			name = LaunchScreen.storyboard;
			sourceTree = "<group>";
		};
/* End PBXVariantGroup section */

/* Begin XCBuildConfiguration section */
		369A6F1E29BF030E00414D23 /* Debug */ = {
			isa = XCBuildConfiguration;
			buildSettings = {
				ALWAYS_SEARCH_USER_PATHS = NO;
				CLANG_ANALYZER_NONNULL = YES;
				CLANG_ANALYZER_NUMBER_OBJECT_CONVERSION = YES_AGGRESSIVE;
				CLANG_CXX_LANGUAGE_STANDARD = "gnu++20";
				CLANG_ENABLE_MODULES = YES;
				CLANG_ENABLE_OBJC_ARC = YES;
				CLANG_ENABLE_OBJC_WEAK = YES;
				CLANG_WARN_BLOCK_CAPTURE_AUTORELEASING = YES;
				CLANG_WARN_BOOL_CONVERSION = YES;
				CLANG_WARN_COMMA = YES;
				CLANG_WARN_CONSTANT_CONVERSION = YES;
				CLANG_WARN_DEPRECATED_OBJC_IMPLEMENTATIONS = YES;
				CLANG_WARN_DIRECT_OBJC_ISA_USAGE = YES_ERROR;
				CLANG_WARN_DOCUMENTATION_COMMENTS = YES;
				CLANG_WARN_EMPTY_BODY = YES;
				CLANG_WARN_ENUM_CONVERSION = YES;
				CLANG_WARN_INFINITE_RECURSION = YES;
				CLANG_WARN_INT_CONVERSION = YES;
				CLANG_WARN_NON_LITERAL_NULL_CONVERSION = YES;
				CLANG_WARN_OBJC_IMPLICIT_RETAIN_SELF = YES;
				CLANG_WARN_OBJC_LITERAL_CONVERSION = YES;
				CLANG_WARN_OBJC_ROOT_CLASS = YES_ERROR;
				CLANG_WARN_QUOTED_INCLUDE_IN_FRAMEWORK_HEADER = YES;
				CLANG_WARN_RANGE_LOOP_ANALYSIS = YES;
				CLANG_WARN_STRICT_PROTOTYPES = YES;
				CLANG_WARN_SUSPICIOUS_MOVE = YES;
				CLANG_WARN_UNGUARDED_AVAILABILITY = YES_AGGRESSIVE;
				CLANG_WARN_UNREACHABLE_CODE = YES;
				CLANG_WARN__DUPLICATE_METHOD_MATCH = YES;
				COPY_PHASE_STRIP = NO;
				DEBUG_INFORMATION_FORMAT = dwarf;
				ENABLE_STRICT_OBJC_MSGSEND = YES;
				ENABLE_TESTABILITY = YES;
				GCC_C_LANGUAGE_STANDARD = gnu11;
				GCC_DYNAMIC_NO_PIC = NO;
				GCC_NO_COMMON_BLOCKS = YES;
				GCC_OPTIMIZATION_LEVEL = 0;
				GCC_PREPROCESSOR_DEFINITIONS = (
					"DEBUG=1",
					"$(inherited)",
				);
				GCC_WARN_64_TO_32_BIT_CONVERSION = YES;
				GCC_WARN_ABOUT_RETURN_TYPE = YES_ERROR;
				GCC_WARN_UNDECLARED_SELECTOR = YES;
				GCC_WARN_UNINITIALIZED_AUTOS = YES_AGGRESSIVE;
				GCC_WARN_UNUSED_FUNCTION = YES;
				GCC_WARN_UNUSED_VARIABLE = YES;
				IPHONEOS_DEPLOYMENT_TARGET = 16.2;
				MTL_ENABLE_DEBUG_INFO = INCLUDE_SOURCE;
				MTL_FAST_MATH = YES;
				ONLY_ACTIVE_ARCH = YES;
				SDKROOT = iphoneos;
				SWIFT_ACTIVE_COMPILATION_CONDITIONS = DEBUG;
				SWIFT_OPTIMIZATION_LEVEL = "-Onone";
			};
			name = Debug;
		};
		369A6F1F29BF030E00414D23 /* Release */ = {
			isa = XCBuildConfiguration;
			buildSettings = {
				ALWAYS_SEARCH_USER_PATHS = NO;
				CLANG_ANALYZER_NONNULL = YES;
				CLANG_ANALYZER_NUMBER_OBJECT_CONVERSION = YES_AGGRESSIVE;
				CLANG_CXX_LANGUAGE_STANDARD = "gnu++20";
				CLANG_ENABLE_MODULES = YES;
				CLANG_ENABLE_OBJC_ARC = YES;
				CLANG_ENABLE_OBJC_WEAK = YES;
				CLANG_WARN_BLOCK_CAPTURE_AUTORELEASING = YES;
				CLANG_WARN_BOOL_CONVERSION = YES;
				CLANG_WARN_COMMA = YES;
				CLANG_WARN_CONSTANT_CONVERSION = YES;
				CLANG_WARN_DEPRECATED_OBJC_IMPLEMENTATIONS = YES;
				CLANG_WARN_DIRECT_OBJC_ISA_USAGE = YES_ERROR;
				CLANG_WARN_DOCUMENTATION_COMMENTS = YES;
				CLANG_WARN_EMPTY_BODY = YES;
				CLANG_WARN_ENUM_CONVERSION = YES;
				CLANG_WARN_INFINITE_RECURSION = YES;
				CLANG_WARN_INT_CONVERSION = YES;
				CLANG_WARN_NON_LITERAL_NULL_CONVERSION = YES;
				CLANG_WARN_OBJC_IMPLICIT_RETAIN_SELF = YES;
				CLANG_WARN_OBJC_LITERAL_CONVERSION = YES;
				CLANG_WARN_OBJC_ROOT_CLASS = YES_ERROR;
				CLANG_WARN_QUOTED_INCLUDE_IN_FRAMEWORK_HEADER = YES;
				CLANG_WARN_RANGE_LOOP_ANALYSIS = YES;
				CLANG_WARN_STRICT_PROTOTYPES = YES;
				CLANG_WARN_SUSPICIOUS_MOVE = YES;
				CLANG_WARN_UNGUARDED_AVAILABILITY = YES_AGGRESSIVE;
				CLANG_WARN_UNREACHABLE_CODE = YES;
				CLANG_WARN__DUPLICATE_METHOD_MATCH = YES;
				COPY_PHASE_STRIP = NO;
				DEBUG_INFORMATION_FORMAT = "dwarf-with-dsym";
				ENABLE_NS_ASSERTIONS = NO;
				ENABLE_STRICT_OBJC_MSGSEND = YES;
				GCC_C_LANGUAGE_STANDARD = gnu11;
				GCC_NO_COMMON_BLOCKS = YES;
				GCC_WARN_64_TO_32_BIT_CONVERSION = YES;
				GCC_WARN_ABOUT_RETURN_TYPE = YES_ERROR;
				GCC_WARN_UNDECLARED_SELECTOR = YES;
				GCC_WARN_UNINITIALIZED_AUTOS = YES_AGGRESSIVE;
				GCC_WARN_UNUSED_FUNCTION = YES;
				GCC_WARN_UNUSED_VARIABLE = YES;
				IPHONEOS_DEPLOYMENT_TARGET = 16.2;
				MTL_ENABLE_DEBUG_INFO = NO;
				MTL_FAST_MATH = YES;
				SDKROOT = iphoneos;
				SWIFT_COMPILATION_MODE = wholemodule;
				SWIFT_OPTIMIZATION_LEVEL = "-O";
				VALIDATE_PRODUCT = YES;
			};
			name = Release;
		};
		369A6F2129BF030E00414D23 /* Debug */ = {
			isa = XCBuildConfiguration;
			buildSettings = {
				ASSETCATALOG_COMPILER_APPICON_NAME = AppIcon;
				ASSETCATALOG_COMPILER_GLOBAL_ACCENT_COLOR_NAME = AccentColor;
				CODE_SIGN_STYLE = Automatic;
				CURRENT_PROJECT_VERSION = 1;
				DEVELOPMENT_TEAM = 8D8H8KC6DH;
				GENERATE_INFOPLIST_FILE = YES;
				INFOPLIST_FILE = Mozzi_dev/Info.plist;
				INFOPLIST_KEY_UIApplicationSupportsIndirectInputEvents = YES;
				INFOPLIST_KEY_UILaunchStoryboardName = LaunchScreen;
				INFOPLIST_KEY_UIMainStoryboardFile = "";
				INFOPLIST_KEY_UISupportedInterfaceOrientations_iPad = "UIInterfaceOrientationPortrait UIInterfaceOrientationPortraitUpsideDown UIInterfaceOrientationLandscapeLeft UIInterfaceOrientationLandscapeRight";
				INFOPLIST_KEY_UISupportedInterfaceOrientations_iPhone = "UIInterfaceOrientationPortrait UIInterfaceOrientationLandscapeLeft UIInterfaceOrientationLandscapeRight";
				LD_RUNPATH_SEARCH_PATHS = (
					"$(inherited)",
					"@executable_path/Frameworks",
				);
				MARKETING_VERSION = 1.0;
				PRODUCT_BUNDLE_IDENTIFIER = "LJH.Mozzi-dev";
				PRODUCT_NAME = "$(TARGET_NAME)";
				SWIFT_EMIT_LOC_STRINGS = YES;
				SWIFT_VERSION = 5.0;
				TARGETED_DEVICE_FAMILY = "1,2";
			};
			name = Debug;
		};
		369A6F2229BF030E00414D23 /* Release */ = {
			isa = XCBuildConfiguration;
			buildSettings = {
				ASSETCATALOG_COMPILER_APPICON_NAME = AppIcon;
				ASSETCATALOG_COMPILER_GLOBAL_ACCENT_COLOR_NAME = AccentColor;
				CODE_SIGN_STYLE = Automatic;
				CURRENT_PROJECT_VERSION = 1;
				DEVELOPMENT_TEAM = 8D8H8KC6DH;
				GENERATE_INFOPLIST_FILE = YES;
				INFOPLIST_FILE = Mozzi_dev/Info.plist;
				INFOPLIST_KEY_UIApplicationSupportsIndirectInputEvents = YES;
				INFOPLIST_KEY_UILaunchStoryboardName = LaunchScreen;
				INFOPLIST_KEY_UIMainStoryboardFile = "";
				INFOPLIST_KEY_UISupportedInterfaceOrientations_iPad = "UIInterfaceOrientationPortrait UIInterfaceOrientationPortraitUpsideDown UIInterfaceOrientationLandscapeLeft UIInterfaceOrientationLandscapeRight";
				INFOPLIST_KEY_UISupportedInterfaceOrientations_iPhone = "UIInterfaceOrientationPortrait UIInterfaceOrientationLandscapeLeft UIInterfaceOrientationLandscapeRight";
				LD_RUNPATH_SEARCH_PATHS = (
					"$(inherited)",
					"@executable_path/Frameworks",
				);
				MARKETING_VERSION = 1.0;
				PRODUCT_BUNDLE_IDENTIFIER = "LJH.Mozzi-dev";
				PRODUCT_NAME = "$(TARGET_NAME)";
				SWIFT_EMIT_LOC_STRINGS = YES;
				SWIFT_VERSION = 5.0;
				TARGETED_DEVICE_FAMILY = "1,2";
			};
			name = Release;
		};
/* End XCBuildConfiguration section */

/* Begin XCConfigurationList section */
		369A6F0729BF030D00414D23 /* Build configuration list for PBXProject "Mozzi_dev" */ = {
			isa = XCConfigurationList;
			buildConfigurations = (
				369A6F1E29BF030E00414D23 /* Debug */,
				369A6F1F29BF030E00414D23 /* Release */,
			);
			defaultConfigurationIsVisible = 0;
			defaultConfigurationName = Release;
		};
		369A6F2029BF030E00414D23 /* Build configuration list for PBXNativeTarget "Mozzi_dev" */ = {
			isa = XCConfigurationList;
			buildConfigurations = (
				369A6F2129BF030E00414D23 /* Debug */,
				369A6F2229BF030E00414D23 /* Release */,
			);
			defaultConfigurationIsVisible = 0;
			defaultConfigurationName = Release;
		};
/* End XCConfigurationList section */

/* Begin XCRemoteSwiftPackageReference section */
		36110C6229E58170000ED129 /* XCRemoteSwiftPackageReference "Alamofire" */ = {
			isa = XCRemoteSwiftPackageReference;
			repositoryURL = "https://github.com/Alamofire/Alamofire.git";
			requirement = {
				kind = upToNextMajorVersion;
				minimumVersion = 5.0.0;
			};
		};
		36110C6929E729AB000ED129 /* XCRemoteSwiftPackageReference "Then" */ = {
			isa = XCRemoteSwiftPackageReference;
			repositoryURL = "https://github.com/devxoul/Then.git";
			requirement = {
				kind = upToNextMajorVersion;
				minimumVersion = 3.0.0;
			};
		};
		369B6E3929E044E900391F13 /* XCRemoteSwiftPackageReference "SnapKit" */ = {
			isa = XCRemoteSwiftPackageReference;
			repositoryURL = "https://github.com/SnapKit/SnapKit.git";
			requirement = {
				kind = upToNextMajorVersion;
				minimumVersion = 5.0.0;
			};
		};
		369B6E3C29E044F600391F13 /* XCRemoteSwiftPackageReference "FSCalendar" */ = {
			isa = XCRemoteSwiftPackageReference;
			repositoryURL = "https://github.com/WenchaoD/FSCalendar.git";
			requirement = {
				kind = upToNextMajorVersion;
				minimumVersion = 2.0.0;
			};
		};
/* End XCRemoteSwiftPackageReference section */

/* Begin XCSwiftPackageProductDependency section */
		36110C6329E58170000ED129 /* Alamofire */ = {
			isa = XCSwiftPackageProductDependency;
			package = 36110C6229E58170000ED129 /* XCRemoteSwiftPackageReference "Alamofire" */;
			productName = Alamofire;
		};
		36110C6A29E729AB000ED129 /* Then */ = {
			isa = XCSwiftPackageProductDependency;
			package = 36110C6929E729AB000ED129 /* XCRemoteSwiftPackageReference "Then" */;
			productName = Then;
		};
		369B6E3A29E044E900391F13 /* SnapKit */ = {
			isa = XCSwiftPackageProductDependency;
			package = 369B6E3929E044E900391F13 /* XCRemoteSwiftPackageReference "SnapKit" */;
			productName = SnapKit;
		};
		369B6E3D29E044F600391F13 /* FSCalendar */ = {
			isa = XCSwiftPackageProductDependency;
			package = 369B6E3C29E044F600391F13 /* XCRemoteSwiftPackageReference "FSCalendar" */;
			productName = FSCalendar;
		};
/* End XCSwiftPackageProductDependency section */
	};
	rootObject = 369A6F0429BF030D00414D23 /* Project object */;
}
