// !$*UTF8*$!
{
	archiveVersion = 1;
	classes = {
	};
	objectVersion = 56;
	objects = {

/* Begin PBXBuildFile section */
		367899B029C053D200155269 /* HorizontalScrollView.swift in Sources */ = {isa = PBXBuildFile; fileRef = 367899AF29C053D200155269 /* HorizontalScrollView.swift */; };
		369A6F1029BF030D00414D23 /* AppDelegate.swift in Sources */ = {isa = PBXBuildFile; fileRef = 369A6F0F29BF030D00414D23 /* AppDelegate.swift */; };
		369A6F1229BF030D00414D23 /* SceneDelegate.swift in Sources */ = {isa = PBXBuildFile; fileRef = 369A6F1129BF030D00414D23 /* SceneDelegate.swift */; };
		369A6F1929BF030E00414D23 /* Assets.xcassets in Resources */ = {isa = PBXBuildFile; fileRef = 369A6F1829BF030E00414D23 /* Assets.xcassets */; };
		369A6F1C29BF030E00414D23 /* LaunchScreen.storyboard in Resources */ = {isa = PBXBuildFile; fileRef = 369A6F1A29BF030E00414D23 /* LaunchScreen.storyboard */; };
		369A6F2429BF04E000414D23 /* MainTabBarController.swift in Sources */ = {isa = PBXBuildFile; fileRef = 369A6F2329BF04E000414D23 /* MainTabBarController.swift */; };
		369A6F2929BF0C3D00414D23 /* MainViewController.swift in Sources */ = {isa = PBXBuildFile; fileRef = 369A6F2829BF0C3D00414D23 /* MainViewController.swift */; };
		369A6F2B29BF0C4500414D23 /* MypageViewController.swift in Sources */ = {isa = PBXBuildFile; fileRef = 369A6F2A29BF0C4500414D23 /* MypageViewController.swift */; };
		369A6F2D29BF0C5B00414D23 /* MapViewController.swift in Sources */ = {isa = PBXBuildFile; fileRef = 369A6F2C29BF0C5B00414D23 /* MapViewController.swift */; };
		7D29C163E82AC866B7036818 /* Pods_Mozzi_dev.framework in Frameworks */ = {isa = PBXBuildFile; fileRef = E4DD4D0015F00E173C9BC381 /* Pods_Mozzi_dev.framework */; };
/* End PBXBuildFile section */

/* Begin PBXFileReference section */
		106EF636BBE3844B0B5B8716 /* Pods-Mozzi_dev.release.xcconfig */ = {isa = PBXFileReference; includeInIndex = 1; lastKnownFileType = text.xcconfig; name = "Pods-Mozzi_dev.release.xcconfig"; path = "Target Support Files/Pods-Mozzi_dev/Pods-Mozzi_dev.release.xcconfig"; sourceTree = "<group>"; };
		367899AF29C053D200155269 /* HorizontalScrollView.swift */ = {isa = PBXFileReference; lastKnownFileType = sourcecode.swift; path = HorizontalScrollView.swift; sourceTree = "<group>"; };
		369A6F0C29BF030D00414D23 /* Mozzi_dev.app */ = {isa = PBXFileReference; explicitFileType = wrapper.application; includeInIndex = 0; path = Mozzi_dev.app; sourceTree = BUILT_PRODUCTS_DIR; };
		369A6F0F29BF030D00414D23 /* AppDelegate.swift */ = {isa = PBXFileReference; lastKnownFileType = sourcecode.swift; path = AppDelegate.swift; sourceTree = "<group>"; };
		369A6F1129BF030D00414D23 /* SceneDelegate.swift */ = {isa = PBXFileReference; lastKnownFileType = sourcecode.swift; path = SceneDelegate.swift; sourceTree = "<group>"; };
		369A6F1829BF030E00414D23 /* Assets.xcassets */ = {isa = PBXFileReference; lastKnownFileType = folder.assetcatalog; path = Assets.xcassets; sourceTree = "<group>"; };
		369A6F1B29BF030E00414D23 /* Base */ = {isa = PBXFileReference; lastKnownFileType = file.storyboard; name = Base; path = Base.lproj/LaunchScreen.storyboard; sourceTree = "<group>"; };
		369A6F1D29BF030E00414D23 /* Info.plist */ = {isa = PBXFileReference; lastKnownFileType = text.plist.xml; path = Info.plist; sourceTree = "<group>"; };
		369A6F2329BF04E000414D23 /* MainTabBarController.swift */ = {isa = PBXFileReference; lastKnownFileType = sourcecode.swift; path = MainTabBarController.swift; sourceTree = "<group>"; };
		369A6F2829BF0C3D00414D23 /* MainViewController.swift */ = {isa = PBXFileReference; lastKnownFileType = sourcecode.swift; path = MainViewController.swift; sourceTree = "<group>"; };
		369A6F2A29BF0C4500414D23 /* MypageViewController.swift */ = {isa = PBXFileReference; lastKnownFileType = sourcecode.swift; path = MypageViewController.swift; sourceTree = "<group>"; };
		369A6F2C29BF0C5B00414D23 /* MapViewController.swift */ = {isa = PBXFileReference; lastKnownFileType = sourcecode.swift; path = MapViewController.swift; sourceTree = "<group>"; };
		99A88059C88AF3012AABBE6D /* Pods-Mozzi_dev.debug.xcconfig */ = {isa = PBXFileReference; includeInIndex = 1; lastKnownFileType = text.xcconfig; name = "Pods-Mozzi_dev.debug.xcconfig"; path = "Target Support Files/Pods-Mozzi_dev/Pods-Mozzi_dev.debug.xcconfig"; sourceTree = "<group>"; };
		E4DD4D0015F00E173C9BC381 /* Pods_Mozzi_dev.framework */ = {isa = PBXFileReference; explicitFileType = wrapper.framework; includeInIndex = 0; path = Pods_Mozzi_dev.framework; sourceTree = BUILT_PRODUCTS_DIR; };
/* End PBXFileReference section */

/* Begin PBXFrameworksBuildPhase section */
		369A6F0929BF030D00414D23 /* Frameworks */ = {
			isa = PBXFrameworksBuildPhase;
			buildActionMask = 2147483647;
			files = (
				7D29C163E82AC866B7036818 /* Pods_Mozzi_dev.framework in Frameworks */,
			);
			runOnlyForDeploymentPostprocessing = 0;
		};
/* End PBXFrameworksBuildPhase section */

/* Begin PBXGroup section */
		1507833428A781964CEE01B6 /* Pods */ = {
			isa = PBXGroup;
			children = (
				99A88059C88AF3012AABBE6D /* Pods-Mozzi_dev.debug.xcconfig */,
				106EF636BBE3844B0B5B8716 /* Pods-Mozzi_dev.release.xcconfig */,
			);
			path = Pods;
			sourceTree = "<group>";
		};
		369A6F0329BF030D00414D23 = {
			isa = PBXGroup;
			children = (
				369A6F0E29BF030D00414D23 /* Mozzi_dev */,
				369A6F0D29BF030D00414D23 /* Products */,
				1507833428A781964CEE01B6 /* Pods */,
				DB2BACFB96642E33B1FC3159 /* Frameworks */,
			);
			sourceTree = "<group>";
		};
		369A6F0D29BF030D00414D23 /* Products */ = {
			isa = PBXGroup;
			children = (
				369A6F0C29BF030D00414D23 /* Mozzi_dev.app */,
			);
			name = Products;
			sourceTree = "<group>";
		};
		369A6F0E29BF030D00414D23 /* Mozzi_dev */ = {
			isa = PBXGroup;
			children = (
				369A6F0F29BF030D00414D23 /* AppDelegate.swift */,
				369A6F1129BF030D00414D23 /* SceneDelegate.swift */,
				369A6F1829BF030E00414D23 /* Assets.xcassets */,
				369A6F1A29BF030E00414D23 /* LaunchScreen.storyboard */,
				369A6F1D29BF030E00414D23 /* Info.plist */,
				369A6F2329BF04E000414D23 /* MainTabBarController.swift */,
				369A6F2C29BF0C5B00414D23 /* MapViewController.swift */,
				369A6F2829BF0C3D00414D23 /* MainViewController.swift */,
				369A6F2A29BF0C4500414D23 /* MypageViewController.swift */,
				367899AF29C053D200155269 /* HorizontalScrollView.swift */,
			);
			path = Mozzi_dev;
			sourceTree = "<group>";
		};
		DB2BACFB96642E33B1FC3159 /* Frameworks */ = {
			isa = PBXGroup;
			children = (
				E4DD4D0015F00E173C9BC381 /* Pods_Mozzi_dev.framework */,
			);
			name = Frameworks;
			sourceTree = "<group>";
		};
/* End PBXGroup section */

/* Begin PBXNativeTarget section */
		369A6F0B29BF030D00414D23 /* Mozzi_dev */ = {
			isa = PBXNativeTarget;
			buildConfigurationList = 369A6F2029BF030E00414D23 /* Build configuration list for PBXNativeTarget "Mozzi_dev" */;
			buildPhases = (
				537CAE8E94FB5EF6DCE70162 /* [CP] Check Pods Manifest.lock */,
				369A6F0829BF030D00414D23 /* Sources */,
				369A6F0929BF030D00414D23 /* Frameworks */,
				369A6F0A29BF030D00414D23 /* Resources */,
				76C2052A6F16E0CF27578B08 /* [CP] Embed Pods Frameworks */,
			);
			buildRules = (
			);
			dependencies = (
			);
			name = Mozzi_dev;
			productName = Mozzi_dev;
			productReference = 369A6F0C29BF030D00414D23 /* Mozzi_dev.app */;
			productType = "com.apple.product-type.application";
		};
/* End PBXNativeTarget section */

/* Begin PBXProject section */
		369A6F0429BF030D00414D23 /* Project object */ = {
			isa = PBXProject;
			attributes = {
				BuildIndependentTargetsInParallel = 1;
				LastSwiftUpdateCheck = 1420;
				LastUpgradeCheck = 1420;
				TargetAttributes = {
					369A6F0B29BF030D00414D23 = {
						CreatedOnToolsVersion = 14.2;
					};
				};
			};
			buildConfigurationList = 369A6F0729BF030D00414D23 /* Build configuration list for PBXProject "Mozzi_dev" */;
			compatibilityVersion = "Xcode 14.0";
			developmentRegion = en;
			hasScannedForEncodings = 0;
			knownRegions = (
				en,
				Base,
			);
			mainGroup = 369A6F0329BF030D00414D23;
			packageReferences = (
				369A6F2529BF0C0800414D23 /* XCRemoteSwiftPackageReference "SnapKit" */,
			);
			productRefGroup = 369A6F0D29BF030D00414D23 /* Products */;
			projectDirPath = "";
			projectRoot = "";
			targets = (
				369A6F0B29BF030D00414D23 /* Mozzi_dev */,
			);
		};
/* End PBXProject section */

/* Begin PBXResourcesBuildPhase section */
		369A6F0A29BF030D00414D23 /* Resources */ = {
			isa = PBXResourcesBuildPhase;
			buildActionMask = 2147483647;
			files = (
				369A6F1C29BF030E00414D23 /* LaunchScreen.storyboard in Resources */,
				369A6F1929BF030E00414D23 /* Assets.xcassets in Resources */,
			);
			runOnlyForDeploymentPostprocessing = 0;
		};
/* End PBXResourcesBuildPhase section */

/* Begin PBXShellScriptBuildPhase section */
		537CAE8E94FB5EF6DCE70162 /* [CP] Check Pods Manifest.lock */ = {
			isa = PBXShellScriptBuildPhase;
			buildActionMask = 2147483647;
			files = (
			);
			inputFileListPaths = (
			);
			inputPaths = (
				"${PODS_PODFILE_DIR_PATH}/Podfile.lock",
				"${PODS_ROOT}/Manifest.lock",
			);
			name = "[CP] Check Pods Manifest.lock";
			outputFileListPaths = (
			);
			outputPaths = (
				"$(DERIVED_FILE_DIR)/Pods-Mozzi_dev-checkManifestLockResult.txt",
			);
			runOnlyForDeploymentPostprocessing = 0;
			shellPath = /bin/sh;
			shellScript = "diff \"${PODS_PODFILE_DIR_PATH}/Podfile.lock\" \"${PODS_ROOT}/Manifest.lock\" > /dev/null\nif [ $? != 0 ] ; then\n    # print error to STDERR\n    echo \"error: The sandbox is not in sync with the Podfile.lock. Run 'pod install' or update your CocoaPods installation.\" >&2\n    exit 1\nfi\n# This output is used by Xcode 'outputs' to avoid re-running this script phase.\necho \"SUCCESS\" > \"${SCRIPT_OUTPUT_FILE_0}\"\n";
			showEnvVarsInLog = 0;
		};
		76C2052A6F16E0CF27578B08 /* [CP] Embed Pods Frameworks */ = {
			isa = PBXShellScriptBuildPhase;
			buildActionMask = 2147483647;
			files = (
			);
			inputFileListPaths = (
				"${PODS_ROOT}/Target Support Files/Pods-Mozzi_dev/Pods-Mozzi_dev-frameworks-${CONFIGURATION}-input-files.xcfilelist",
			);
			name = "[CP] Embed Pods Frameworks";
			outputFileListPaths = (
				"${PODS_ROOT}/Target Support Files/Pods-Mozzi_dev/Pods-Mozzi_dev-frameworks-${CONFIGURATION}-output-files.xcfilelist",
			);
			runOnlyForDeploymentPostprocessing = 0;
			shellPath = /bin/sh;
			shellScript = "\"${PODS_ROOT}/Target Support Files/Pods-Mozzi_dev/Pods-Mozzi_dev-frameworks.sh\"\n";
			showEnvVarsInLog = 0;
		};
/* End PBXShellScriptBuildPhase section */

/* Begin PBXSourcesBuildPhase section */
		369A6F0829BF030D00414D23 /* Sources */ = {
			isa = PBXSourcesBuildPhase;
			buildActionMask = 2147483647;
			files = (
				369A6F1029BF030D00414D23 /* AppDelegate.swift in Sources */,
				367899B029C053D200155269 /* HorizontalScrollView.swift in Sources */,
				369A6F2D29BF0C5B00414D23 /* MapViewController.swift in Sources */,
				369A6F1229BF030D00414D23 /* SceneDelegate.swift in Sources */,
				369A6F2429BF04E000414D23 /* MainTabBarController.swift in Sources */,
				369A6F2B29BF0C4500414D23 /* MypageViewController.swift in Sources */,
				369A6F2929BF0C3D00414D23 /* MainViewController.swift in Sources */,
			);
			runOnlyForDeploymentPostprocessing = 0;
		};
/* End PBXSourcesBuildPhase section */

/* Begin PBXVariantGroup section */
		369A6F1A29BF030E00414D23 /* LaunchScreen.storyboard */ = {
			isa = PBXVariantGroup;
			children = (
				369A6F1B29BF030E00414D23 /* Base */,
			);
			name = LaunchScreen.storyboard;
			sourceTree = "<group>";
		};
/* End PBXVariantGroup section */

/* Begin XCBuildConfiguration section */
		369A6F1E29BF030E00414D23 /* Debug */ = {
			isa = XCBuildConfiguration;
			buildSettings = {
				ALWAYS_SEARCH_USER_PATHS = NO;
				CLANG_ANALYZER_NONNULL = YES;
				CLANG_ANALYZER_NUMBER_OBJECT_CONVERSION = YES_AGGRESSIVE;
				CLANG_CXX_LANGUAGE_STANDARD = "gnu++20";
				CLANG_ENABLE_MODULES = YES;
				CLANG_ENABLE_OBJC_ARC = YES;
				CLANG_ENABLE_OBJC_WEAK = YES;
				CLANG_WARN_BLOCK_CAPTURE_AUTORELEASING = YES;
				CLANG_WARN_BOOL_CONVERSION = YES;
				CLANG_WARN_COMMA = YES;
				CLANG_WARN_CONSTANT_CONVERSION = YES;
				CLANG_WARN_DEPRECATED_OBJC_IMPLEMENTATIONS = YES;
				CLANG_WARN_DIRECT_OBJC_ISA_USAGE = YES_ERROR;
				CLANG_WARN_DOCUMENTATION_COMMENTS = YES;
				CLANG_WARN_EMPTY_BODY = YES;
				CLANG_WARN_ENUM_CONVERSION = YES;
				CLANG_WARN_INFINITE_RECURSION = YES;
				CLANG_WARN_INT_CONVERSION = YES;
				CLANG_WARN_NON_LITERAL_NULL_CONVERSION = YES;
				CLANG_WARN_OBJC_IMPLICIT_RETAIN_SELF = YES;
				CLANG_WARN_OBJC_LITERAL_CONVERSION = YES;
				CLANG_WARN_OBJC_ROOT_CLASS = YES_ERROR;
				CLANG_WARN_QUOTED_INCLUDE_IN_FRAMEWORK_HEADER = YES;
				CLANG_WARN_RANGE_LOOP_ANALYSIS = YES;
				CLANG_WARN_STRICT_PROTOTYPES = YES;
				CLANG_WARN_SUSPICIOUS_MOVE = YES;
				CLANG_WARN_UNGUARDED_AVAILABILITY = YES_AGGRESSIVE;
				CLANG_WARN_UNREACHABLE_CODE = YES;
				CLANG_WARN__DUPLICATE_METHOD_MATCH = YES;
				COPY_PHASE_STRIP = NO;
				DEBUG_INFORMATION_FORMAT = dwarf;
				ENABLE_STRICT_OBJC_MSGSEND = YES;
				ENABLE_TESTABILITY = YES;
				GCC_C_LANGUAGE_STANDARD = gnu11;
				GCC_DYNAMIC_NO_PIC = NO;
				GCC_NO_COMMON_BLOCKS = YES;
				GCC_OPTIMIZATION_LEVEL = 0;
				GCC_PREPROCESSOR_DEFINITIONS = (
					"DEBUG=1",
					"$(inherited)",
				);
				GCC_WARN_64_TO_32_BIT_CONVERSION = YES;
				GCC_WARN_ABOUT_RETURN_TYPE = YES_ERROR;
				GCC_WARN_UNDECLARED_SELECTOR = YES;
				GCC_WARN_UNINITIALIZED_AUTOS = YES_AGGRESSIVE;
				GCC_WARN_UNUSED_FUNCTION = YES;
				GCC_WARN_UNUSED_VARIABLE = YES;
				IPHONEOS_DEPLOYMENT_TARGET = 16.2;
				MTL_ENABLE_DEBUG_INFO = INCLUDE_SOURCE;
				MTL_FAST_MATH = YES;
				ONLY_ACTIVE_ARCH = YES;
				SDKROOT = iphoneos;
				SWIFT_ACTIVE_COMPILATION_CONDITIONS = DEBUG;
				SWIFT_OPTIMIZATION_LEVEL = "-Onone";
			};
			name = Debug;
		};
		369A6F1F29BF030E00414D23 /* Release */ = {
			isa = XCBuildConfiguration;
			buildSettings = {
				ALWAYS_SEARCH_USER_PATHS = NO;
				CLANG_ANALYZER_NONNULL = YES;
				CLANG_ANALYZER_NUMBER_OBJECT_CONVERSION = YES_AGGRESSIVE;
				CLANG_CXX_LANGUAGE_STANDARD = "gnu++20";
				CLANG_ENABLE_MODULES = YES;
				CLANG_ENABLE_OBJC_ARC = YES;
				CLANG_ENABLE_OBJC_WEAK = YES;
				CLANG_WARN_BLOCK_CAPTURE_AUTORELEASING = YES;
				CLANG_WARN_BOOL_CONVERSION = YES;
				CLANG_WARN_COMMA = YES;
				CLANG_WARN_CONSTANT_CONVERSION = YES;
				CLANG_WARN_DEPRECATED_OBJC_IMPLEMENTATIONS = YES;
				CLANG_WARN_DIRECT_OBJC_ISA_USAGE = YES_ERROR;
				CLANG_WARN_DOCUMENTATION_COMMENTS = YES;
				CLANG_WARN_EMPTY_BODY = YES;
				CLANG_WARN_ENUM_CONVERSION = YES;
				CLANG_WARN_INFINITE_RECURSION = YES;
				CLANG_WARN_INT_CONVERSION = YES;
				CLANG_WARN_NON_LITERAL_NULL_CONVERSION = YES;
				CLANG_WARN_OBJC_IMPLICIT_RETAIN_SELF = YES;
				CLANG_WARN_OBJC_LITERAL_CONVERSION = YES;
				CLANG_WARN_OBJC_ROOT_CLASS = YES_ERROR;
				CLANG_WARN_QUOTED_INCLUDE_IN_FRAMEWORK_HEADER = YES;
				CLANG_WARN_RANGE_LOOP_ANALYSIS = YES;
				CLANG_WARN_STRICT_PROTOTYPES = YES;
				CLANG_WARN_SUSPICIOUS_MOVE = YES;
				CLANG_WARN_UNGUARDED_AVAILABILITY = YES_AGGRESSIVE;
				CLANG_WARN_UNREACHABLE_CODE = YES;
				CLANG_WARN__DUPLICATE_METHOD_MATCH = YES;
				COPY_PHASE_STRIP = NO;
				DEBUG_INFORMATION_FORMAT = "dwarf-with-dsym";
				ENABLE_NS_ASSERTIONS = NO;
				ENABLE_STRICT_OBJC_MSGSEND = YES;
				GCC_C_LANGUAGE_STANDARD = gnu11;
				GCC_NO_COMMON_BLOCKS = YES;
				GCC_WARN_64_TO_32_BIT_CONVERSION = YES;
				GCC_WARN_ABOUT_RETURN_TYPE = YES_ERROR;
				GCC_WARN_UNDECLARED_SELECTOR = YES;
				GCC_WARN_UNINITIALIZED_AUTOS = YES_AGGRESSIVE;
				GCC_WARN_UNUSED_FUNCTION = YES;
				GCC_WARN_UNUSED_VARIABLE = YES;
				IPHONEOS_DEPLOYMENT_TARGET = 16.2;
				MTL_ENABLE_DEBUG_INFO = NO;
				MTL_FAST_MATH = YES;
				SDKROOT = iphoneos;
				SWIFT_COMPILATION_MODE = wholemodule;
				SWIFT_OPTIMIZATION_LEVEL = "-O";
				VALIDATE_PRODUCT = YES;
			};
			name = Release;
		};
		369A6F2129BF030E00414D23 /* Debug */ = {
			isa = XCBuildConfiguration;
			baseConfigurationReference = 99A88059C88AF3012AABBE6D /* Pods-Mozzi_dev.debug.xcconfig */;
			buildSettings = {
				ASSETCATALOG_COMPILER_APPICON_NAME = AppIcon;
				ASSETCATALOG_COMPILER_GLOBAL_ACCENT_COLOR_NAME = AccentColor;
				CODE_SIGN_STYLE = Automatic;
				CURRENT_PROJECT_VERSION = 1;
				DEVELOPMENT_TEAM = 8D8H8KC6DH;
				GENERATE_INFOPLIST_FILE = YES;
				INFOPLIST_FILE = Mozzi_dev/Info.plist;
				INFOPLIST_KEY_UIApplicationSupportsIndirectInputEvents = YES;
				INFOPLIST_KEY_UILaunchStoryboardName = LaunchScreen;
				INFOPLIST_KEY_UIMainStoryboardFile = "";
				INFOPLIST_KEY_UISupportedInterfaceOrientations_iPad = "UIInterfaceOrientationPortrait UIInterfaceOrientationPortraitUpsideDown UIInterfaceOrientationLandscapeLeft UIInterfaceOrientationLandscapeRight";
				INFOPLIST_KEY_UISupportedInterfaceOrientations_iPhone = "UIInterfaceOrientationPortrait UIInterfaceOrientationLandscapeLeft UIInterfaceOrientationLandscapeRight";
				LD_RUNPATH_SEARCH_PATHS = (
					"$(inherited)",
					"@executable_path/Frameworks",
				);
				MARKETING_VERSION = 1.0;
				PRODUCT_BUNDLE_IDENTIFIER = "LJH.Mozzi-dev";
				PRODUCT_NAME = "$(TARGET_NAME)";
				SWIFT_EMIT_LOC_STRINGS = YES;
				SWIFT_VERSION = 5.0;
				TARGETED_DEVICE_FAMILY = "1,2";
			};
			name = Debug;
		};
		369A6F2229BF030E00414D23 /* Release */ = {
			isa = XCBuildConfiguration;
			baseConfigurationReference = 106EF636BBE3844B0B5B8716 /* Pods-Mozzi_dev.release.xcconfig */;
			buildSettings = {
				ASSETCATALOG_COMPILER_APPICON_NAME = AppIcon;
				ASSETCATALOG_COMPILER_GLOBAL_ACCENT_COLOR_NAME = AccentColor;
				CODE_SIGN_STYLE = Automatic;
				CURRENT_PROJECT_VERSION = 1;
				DEVELOPMENT_TEAM = 8D8H8KC6DH;
				GENERATE_INFOPLIST_FILE = YES;
				INFOPLIST_FILE = Mozzi_dev/Info.plist;
				INFOPLIST_KEY_UIApplicationSupportsIndirectInputEvents = YES;
				INFOPLIST_KEY_UILaunchStoryboardName = LaunchScreen;
				INFOPLIST_KEY_UIMainStoryboardFile = "";
				INFOPLIST_KEY_UISupportedInterfaceOrientations_iPad = "UIInterfaceOrientationPortrait UIInterfaceOrientationPortraitUpsideDown UIInterfaceOrientationLandscapeLeft UIInterfaceOrientationLandscapeRight";
				INFOPLIST_KEY_UISupportedInterfaceOrientations_iPhone = "UIInterfaceOrientationPortrait UIInterfaceOrientationLandscapeLeft UIInterfaceOrientationLandscapeRight";
				LD_RUNPATH_SEARCH_PATHS = (
					"$(inherited)",
					"@executable_path/Frameworks",
				);
				MARKETING_VERSION = 1.0;
				PRODUCT_BUNDLE_IDENTIFIER = "LJH.Mozzi-dev";
				PRODUCT_NAME = "$(TARGET_NAME)";
				SWIFT_EMIT_LOC_STRINGS = YES;
				SWIFT_VERSION = 5.0;
				TARGETED_DEVICE_FAMILY = "1,2";
			};
			name = Release;
		};
/* End XCBuildConfiguration section */

/* Begin XCConfigurationList section */
		369A6F0729BF030D00414D23 /* Build configuration list for PBXProject "Mozzi_dev" */ = {
			isa = XCConfigurationList;
			buildConfigurations = (
				369A6F1E29BF030E00414D23 /* Debug */,
				369A6F1F29BF030E00414D23 /* Release */,
			);
			defaultConfigurationIsVisible = 0;
			defaultConfigurationName = Release;
		};
		369A6F2029BF030E00414D23 /* Build configuration list for PBXNativeTarget "Mozzi_dev" */ = {
			isa = XCConfigurationList;
			buildConfigurations = (
				369A6F2129BF030E00414D23 /* Debug */,
				369A6F2229BF030E00414D23 /* Release */,
			);
			defaultConfigurationIsVisible = 0;
			defaultConfigurationName = Release;
		};
/* End XCConfigurationList section */

/* Begin XCRemoteSwiftPackageReference section */
		369A6F2529BF0C0800414D23 /* XCRemoteSwiftPackageReference "SnapKit" */ = {
			isa = XCRemoteSwiftPackageReference;
			repositoryURL = "https://github.com/SnapKit/SnapKit.git";
			requirement = {
				kind = upToNextMajorVersion;
				minimumVersion = 5.0.0;
			};
		};
/* End XCRemoteSwiftPackageReference section */
	};
	rootObject = 369A6F0429BF030D00414D23 /* Project object */;
}
